
Microsoft Visual Studio Solution File, Format Version 12.00
# Visual Studio 15
VisualStudioVersion = 15.0.28307.106
MinimumVisualStudioVersion = 10.0.40219.1
Project("{9A19103F-16F7-4668-BE54-9A1E7A4F7556}") = "DataAccess", "Employees\DataAccess.csproj", "{3A97A9B2-E08B-48B5-A0CB-8DA118B36600}"
EndProject
Project("{9A19103F-16F7-4668-BE54-9A1E7A4F7556}") = "Entities", "Models\Entities.csproj", "{680983AF-FCAB-4FF3-A641-C87FB1751365}"
EndProject
Project("{9A19103F-16F7-4668-BE54-9A1E7A4F7556}") = "Helper", "Client\Helper.csproj", "{E76ADCD0-2832-463E-A7F1-1A85AFBE8C9A}"
EndProject
Project("{9A19103F-16F7-4668-BE54-9A1E7A4F7556}") = "BusinessLogic", "BusinessLogic\BusinessLogic.csproj", "{8F905253-4F3D-49BE-8A71-1AEB5D2EB33B}"
EndProject
Project("{9A19103F-16F7-4668-BE54-9A1E7A4F7556}") = "FrontEnd", "FrontEnd\FrontEnd.csproj", "{2A7F467E-3BCB-44C1-BB88-ED49D133B112}"
EndProject
Global
	GlobalSection(SolutionConfigurationPlatforms) = preSolution
		Debug|Any CPU = Debug|Any CPU
		Release|Any CPU = Release|Any CPU
	EndGlobalSection
	GlobalSection(ProjectConfigurationPlatforms) = postSolution
		{3A97A9B2-E08B-48B5-A0CB-8DA118B36600}.Debug|Any CPU.ActiveCfg = Debug|Any CPU
		{3A97A9B2-E08B-48B5-A0CB-8DA118B36600}.Debug|Any CPU.Build.0 = Debug|Any CPU
		{3A97A9B2-E08B-48B5-A0CB-8DA118B36600}.Release|Any CPU.ActiveCfg = Release|Any CPU
		{3A97A9B2-E08B-48B5-A0CB-8DA118B36600}.Release|Any CPU.Build.0 = Release|Any CPU
		{680983AF-FCAB-4FF3-A641-C87FB1751365}.Debug|Any CPU.ActiveCfg = Debug|Any CPU
		{680983AF-FCAB-4FF3-A641-C87FB1751365}.Debug|Any CPU.Build.0 = Debug|Any CPU
		{680983AF-FCAB-4FF3-A641-C87FB1751365}.Release|Any CPU.ActiveCfg = Release|Any CPU
		{680983AF-FCAB-4FF3-A641-C87FB1751365}.Release|Any CPU.Build.0 = Release|Any CPU
		{E76ADCD0-2832-463E-A7F1-1A85AFBE8C9A}.Debug|Any CPU.ActiveCfg = Debug|Any CPU
		{E76ADCD0-2832-463E-A7F1-1A85AFBE8C9A}.Debug|Any CPU.Build.0 = Debug|Any CPU
		{E76ADCD0-2832-463E-A7F1-1A85AFBE8C9A}.Release|Any CPU.ActiveCfg = Release|Any CPU
		{E76ADCD0-2832-463E-A7F1-1A85AFBE8C9A}.Release|Any CPU.Build.0 = Release|Any CPU
		{8F905253-4F3D-49BE-8A71-1AEB5D2EB33B}.Debug|Any CPU.ActiveCfg = Debug|Any CPU
		{8F905253-4F3D-49BE-8A71-1AEB5D2EB33B}.Debug|Any CPU.Build.0 = Debug|Any CPU
		{8F905253-4F3D-49BE-8A71-1AEB5D2EB33B}.Release|Any CPU.ActiveCfg = Release|Any CPU
		{8F905253-4F3D-49BE-8A71-1AEB5D2EB33B}.Release|Any CPU.Build.0 = Release|Any CPU
		{2A7F467E-3BCB-44C1-BB88-ED49D133B112}.Debug|Any CPU.ActiveCfg = Debug|Any CPU
		{2A7F467E-3BCB-44C1-BB88-ED49D133B112}.Debug|Any CPU.Build.0 = Debug|Any CPU
		{2A7F467E-3BCB-44C1-BB88-ED49D133B112}.Release|Any CPU.ActiveCfg = Release|Any CPU
		{2A7F467E-3BCB-44C1-BB88-ED49D133B112}.Release|Any CPU.Build.0 = Release|Any CPU
	EndGlobalSection
	GlobalSection(SolutionProperties) = preSolution
		HideSolutionNode = FALSE
	EndGlobalSection
	GlobalSection(ExtensibilityGlobals) = postSolution
		SolutionGuid = {44A9608B-B3F9-4A9B-842C-838A61974382}
	EndGlobalSection
EndGlobal
